
Microsoft Visual Studio Solution File, Format Version 12.00
# Visual Studio 14
VisualStudioVersion = 14.0.22129.1
MinimumVisualStudioVersion = 10.0.40219.1
Project("{FAE04EC0-301F-11D3-BF4B-00C04F79EFBC}") = "CircuitSim", "CircuitSim\CircuitSim.csproj", "{AF729E14-2C34-4DA0-A744-0FFD9A73AF12}"
EndProject
Project("{FAE04EC0-301F-11D3-BF4B-00C04F79EFBC}") = "CircuitSimTest", "CircuitSimTest\CircuitSimTest.csproj", "{F31E32F6-BC99-4572-B178-C8893E6E08EC}"
EndProject
Global
	GlobalSection(SolutionConfigurationPlatforms) = preSolution
		Debug|Any CPU = Debug|Any CPU
		Release|Any CPU = Release|Any CPU
	EndGlobalSection
	GlobalSection(ProjectConfigurationPlatforms) = postSolution
		{AF729E14-2C34-4DA0-A744-0FFD9A73AF12}.Debug|Any CPU.ActiveCfg = Debug|Any CPU
		{AF729E14-2C34-4DA0-A744-0FFD9A73AF12}.Debug|Any CPU.Build.0 = Debug|Any CPU
		{AF729E14-2C34-4DA0-A744-0FFD9A73AF12}.Release|Any CPU.ActiveCfg = Release|Any CPU
		{AF729E14-2C34-4DA0-A744-0FFD9A73AF12}.Release|Any CPU.Build.0 = Release|Any CPU
		{F31E32F6-BC99-4572-B178-C8893E6E08EC}.Debug|Any CPU.ActiveCfg = Debug|Any CPU
		{F31E32F6-BC99-4572-B178-C8893E6E08EC}.Debug|Any CPU.Build.0 = Debug|Any CPU
		{F31E32F6-BC99-4572-B178-C8893E6E08EC}.Release|Any CPU.ActiveCfg = Release|Any CPU
		{F31E32F6-BC99-4572-B178-C8893E6E08EC}.Release|Any CPU.Build.0 = Release|Any CPU
	EndGlobalSection
	GlobalSection(SolutionProperties) = preSolution
		HideSolutionNode = FALSE
	EndGlobalSection
EndGlobal
